
Microsoft Visual Studio Solution File, Format Version 12.00
# Visual Studio Version 17
VisualStudioVersion = 17.13.35931.197
MinimumVisualStudioVersion = 10.0.40219.1
Project("{2150E333-8FDC-42A3-9474-1A3956D46DE8}") = "Services", "Services", "{02EA681E-C7D8-13C7-8484-4AC65E1B71E8}"
EndProject
Project("{2150E333-8FDC-42A3-9474-1A3956D46DE8}") = "Products", "Products", "{896FBDC9-B43D-4A34-AC03-7302B7F0CEAB}"
EndProject
Project("{FAE04EC0-301F-11D3-BF4B-00C04F79EFBC}") = "Products.API", "Products.API\Products.API.csproj", "{213CC3FC-DB66-4E19-A422-16D7B3A24ACC}"
EndProject
Project("{FAE04EC0-301F-11D3-BF4B-00C04F79EFBC}") = "Products.Infrastructure", "Products.Infrastructure\Products.Infrastructure.csproj", "{A086D534-3F02-4446-90D9-6309C59B050E}"
EndProject
Project("{FAE04EC0-301F-11D3-BF4B-00C04F79EFBC}") = "Products.Domain", "Products.Domain\Products.Domain.csproj", "{6CB9BB22-75A0-46AE-BE4F-FA2D66E2F0F0}"
EndProject
Project("{FAE04EC0-301F-11D3-BF4B-00C04F79EFBC}") = "Products.Application", "Products.Application\Products.Application.csproj", "{79DE697A-1FA2-4972-8439-595D279FADBF}"
EndProject
Project("{2150E333-8FDC-42A3-9474-1A3956D46DE8}") = "Inventory", "Inventory", "{E6552099-12C1-4401-B033-77D4672120C1}"
EndProject
Project("{FAE04EC0-301F-11D3-BF4B-00C04F79EFBC}") = "Inventory.API", "Inventory.API\Inventory.API.csproj", "{FC1EBDEC-B9CA-4D40-9872-EDB975B4CDBA}"
EndProject
Project("{FAE04EC0-301F-11D3-BF4B-00C04F79EFBC}") = "Inventory.Domain", "Inventory.Domain\Inventory.Domain.csproj", "{01DF7495-2462-4875-9973-A67ECC0157F5}"
EndProject
Project("{FAE04EC0-301F-11D3-BF4B-00C04F79EFBC}") = "Inventory.Application", "Inventory.Application\Inventory.Application.csproj", "{46E16A48-87B3-4EBC-BDAB-90CF4BEE8421}"
EndProject
Project("{FAE04EC0-301F-11D3-BF4B-00C04F79EFBC}") = "Inventory.Infrastructure", "Inventory.Infrastructure\Inventory.Infrastructure.csproj", "{6A254C7F-39CE-441D-B9F1-1409B024D3D3}"
EndProject
Project("{2150E333-8FDC-42A3-9474-1A3956D46DE8}") = "Orders", "Orders", "{C0CA9C17-7936-4999-810A-B6D86B6B8AA9}"
EndProject
Project("{FAE04EC0-301F-11D3-BF4B-00C04F79EFBC}") = "Orders.API", "Orders.API\Orders.API.csproj", "{BC11BC6C-ED46-41F1-B0CC-221186BF1694}"
EndProject
Project("{FAE04EC0-301F-11D3-BF4B-00C04F79EFBC}") = "Orders.Infrastructure", "Orders.Infrastructure\Orders.Infrastructure.csproj", "{A28F8FD2-39F7-46BF-A200-306007CF37C1}"
EndProject
Project("{FAE04EC0-301F-11D3-BF4B-00C04F79EFBC}") = "Orders.Application", "Orders.Application\Orders.Application.csproj", "{46018DD9-9E29-4A6E-AFC1-BC7FD2D3D747}"
EndProject
Project("{FAE04EC0-301F-11D3-BF4B-00C04F79EFBC}") = "Orders.Domain", "Orders.Domain\Orders.Domain.csproj", "{FEEDED07-2911-44CA-85C5-AA72C5152B1D}"
EndProject
Project("{2150E333-8FDC-42A3-9474-1A3956D46DE8}") = "UI", "UI", "{1F6F395B-226D-4E08-AA55-030FD50A2911}"
EndProject
Project("{2150E333-8FDC-42A3-9474-1A3956D46DE8}") = "Web", "Web", "{5E79E385-B3AC-4C3C-9062-9500C982FC2F}"
EndProject
Project("{FAE04EC0-301F-11D3-BF4B-00C04F79EFBC}") = "InventoryManagement.WebApp", "InventoryManagement.WebApp\InventoryManagement.WebApp.csproj", "{A4C2CD62-D137-4ADF-B1B2-967E7D06DF64}"
EndProject
Global
	GlobalSection(SolutionConfigurationPlatforms) = preSolution
		Debug|Any CPU = Debug|Any CPU
		Release|Any CPU = Release|Any CPU
	EndGlobalSection
	GlobalSection(ProjectConfigurationPlatforms) = postSolution
		{213CC3FC-DB66-4E19-A422-16D7B3A24ACC}.Debug|Any CPU.ActiveCfg = Debug|Any CPU
		{213CC3FC-DB66-4E19-A422-16D7B3A24ACC}.Debug|Any CPU.Build.0 = Debug|Any CPU
		{213CC3FC-DB66-4E19-A422-16D7B3A24ACC}.Release|Any CPU.ActiveCfg = Release|Any CPU
		{213CC3FC-DB66-4E19-A422-16D7B3A24ACC}.Release|Any CPU.Build.0 = Release|Any CPU
		{A086D534-3F02-4446-90D9-6309C59B050E}.Debug|Any CPU.ActiveCfg = Debug|Any CPU
		{A086D534-3F02-4446-90D9-6309C59B050E}.Debug|Any CPU.Build.0 = Debug|Any CPU
		{A086D534-3F02-4446-90D9-6309C59B050E}.Release|Any CPU.ActiveCfg = Release|Any CPU
		{A086D534-3F02-4446-90D9-6309C59B050E}.Release|Any CPU.Build.0 = Release|Any CPU
		{6CB9BB22-75A0-46AE-BE4F-FA2D66E2F0F0}.Debug|Any CPU.ActiveCfg = Debug|Any CPU
		{6CB9BB22-75A0-46AE-BE4F-FA2D66E2F0F0}.Debug|Any CPU.Build.0 = Debug|Any CPU
		{6CB9BB22-75A0-46AE-BE4F-FA2D66E2F0F0}.Release|Any CPU.ActiveCfg = Release|Any CPU
		{6CB9BB22-75A0-46AE-BE4F-FA2D66E2F0F0}.Release|Any CPU.Build.0 = Release|Any CPU
		{79DE697A-1FA2-4972-8439-595D279FADBF}.Debug|Any CPU.ActiveCfg = Debug|Any CPU
		{79DE697A-1FA2-4972-8439-595D279FADBF}.Debug|Any CPU.Build.0 = Debug|Any CPU
		{79DE697A-1FA2-4972-8439-595D279FADBF}.Release|Any CPU.ActiveCfg = Release|Any CPU
		{79DE697A-1FA2-4972-8439-595D279FADBF}.Release|Any CPU.Build.0 = Release|Any CPU
		{FC1EBDEC-B9CA-4D40-9872-EDB975B4CDBA}.Debug|Any CPU.ActiveCfg = Debug|Any CPU
		{FC1EBDEC-B9CA-4D40-9872-EDB975B4CDBA}.Debug|Any CPU.Build.0 = Debug|Any CPU
		{FC1EBDEC-B9CA-4D40-9872-EDB975B4CDBA}.Release|Any CPU.ActiveCfg = Release|Any CPU
		{FC1EBDEC-B9CA-4D40-9872-EDB975B4CDBA}.Release|Any CPU.Build.0 = Release|Any CPU
		{01DF7495-2462-4875-9973-A67ECC0157F5}.Debug|Any CPU.ActiveCfg = Debug|Any CPU
		{01DF7495-2462-4875-9973-A67ECC0157F5}.Debug|Any CPU.Build.0 = Debug|Any CPU
		{01DF7495-2462-4875-9973-A67ECC0157F5}.Release|Any CPU.ActiveCfg = Release|Any CPU
		{01DF7495-2462-4875-9973-A67ECC0157F5}.Release|Any CPU.Build.0 = Release|Any CPU
		{46E16A48-87B3-4EBC-BDAB-90CF4BEE8421}.Debug|Any CPU.ActiveCfg = Debug|Any CPU
		{46E16A48-87B3-4EBC-BDAB-90CF4BEE8421}.Debug|Any CPU.Build.0 = Debug|Any CPU
		{46E16A48-87B3-4EBC-BDAB-90CF4BEE8421}.Release|Any CPU.ActiveCfg = Release|Any CPU
		{46E16A48-87B3-4EBC-BDAB-90CF4BEE8421}.Release|Any CPU.Build.0 = Release|Any CPU
		{6A254C7F-39CE-441D-B9F1-1409B024D3D3}.Debug|Any CPU.ActiveCfg = Debug|Any CPU
		{6A254C7F-39CE-441D-B9F1-1409B024D3D3}.Debug|Any CPU.Build.0 = Debug|Any CPU
		{6A254C7F-39CE-441D-B9F1-1409B024D3D3}.Release|Any CPU.ActiveCfg = Release|Any CPU
		{6A254C7F-39CE-441D-B9F1-1409B024D3D3}.Release|Any CPU.Build.0 = Release|Any CPU
		{BC11BC6C-ED46-41F1-B0CC-221186BF1694}.Debug|Any CPU.ActiveCfg = Debug|Any CPU
		{BC11BC6C-ED46-41F1-B0CC-221186BF1694}.Debug|Any CPU.Build.0 = Debug|Any CPU
		{BC11BC6C-ED46-41F1-B0CC-221186BF1694}.Release|Any CPU.ActiveCfg = Release|Any CPU
		{BC11BC6C-ED46-41F1-B0CC-221186BF1694}.Release|Any CPU.Build.0 = Release|Any CPU
		{A28F8FD2-39F7-46BF-A200-306007CF37C1}.Debug|Any CPU.ActiveCfg = Debug|Any CPU
		{A28F8FD2-39F7-46BF-A200-306007CF37C1}.Debug|Any CPU.Build.0 = Debug|Any CPU
		{A28F8FD2-39F7-46BF-A200-306007CF37C1}.Release|Any CPU.ActiveCfg = Release|Any CPU
		{A28F8FD2-39F7-46BF-A200-306007CF37C1}.Release|Any CPU.Build.0 = Release|Any CPU
		{46018DD9-9E29-4A6E-AFC1-BC7FD2D3D747}.Debug|Any CPU.ActiveCfg = Debug|Any CPU
		{46018DD9-9E29-4A6E-AFC1-BC7FD2D3D747}.Debug|Any CPU.Build.0 = Debug|Any CPU
		{46018DD9-9E29-4A6E-AFC1-BC7FD2D3D747}.Release|Any CPU.ActiveCfg = Release|Any CPU
		{46018DD9-9E29-4A6E-AFC1-BC7FD2D3D747}.Release|Any CPU.Build.0 = Release|Any CPU
		{FEEDED07-2911-44CA-85C5-AA72C5152B1D}.Debug|Any CPU.ActiveCfg = Debug|Any CPU
		{FEEDED07-2911-44CA-85C5-AA72C5152B1D}.Debug|Any CPU.Build.0 = Debug|Any CPU
		{FEEDED07-2911-44CA-85C5-AA72C5152B1D}.Release|Any CPU.ActiveCfg = Release|Any CPU
		{FEEDED07-2911-44CA-85C5-AA72C5152B1D}.Release|Any CPU.Build.0 = Release|Any CPU
		{A4C2CD62-D137-4ADF-B1B2-967E7D06DF64}.Debug|Any CPU.ActiveCfg = Debug|Any CPU
		{A4C2CD62-D137-4ADF-B1B2-967E7D06DF64}.Debug|Any CPU.Build.0 = Debug|Any CPU
		{A4C2CD62-D137-4ADF-B1B2-967E7D06DF64}.Release|Any CPU.ActiveCfg = Release|Any CPU
		{A4C2CD62-D137-4ADF-B1B2-967E7D06DF64}.Release|Any CPU.Build.0 = Release|Any CPU
	EndGlobalSection
	GlobalSection(SolutionProperties) = preSolution
		HideSolutionNode = FALSE
	EndGlobalSection
	GlobalSection(NestedProjects) = preSolution
		{896FBDC9-B43D-4A34-AC03-7302B7F0CEAB} = {02EA681E-C7D8-13C7-8484-4AC65E1B71E8}
		{213CC3FC-DB66-4E19-A422-16D7B3A24ACC} = {896FBDC9-B43D-4A34-AC03-7302B7F0CEAB}
		{A086D534-3F02-4446-90D9-6309C59B050E} = {896FBDC9-B43D-4A34-AC03-7302B7F0CEAB}
		{6CB9BB22-75A0-46AE-BE4F-FA2D66E2F0F0} = {896FBDC9-B43D-4A34-AC03-7302B7F0CEAB}
		{79DE697A-1FA2-4972-8439-595D279FADBF} = {896FBDC9-B43D-4A34-AC03-7302B7F0CEAB}
		{E6552099-12C1-4401-B033-77D4672120C1} = {02EA681E-C7D8-13C7-8484-4AC65E1B71E8}
		{FC1EBDEC-B9CA-4D40-9872-EDB975B4CDBA} = {E6552099-12C1-4401-B033-77D4672120C1}
		{01DF7495-2462-4875-9973-A67ECC0157F5} = {E6552099-12C1-4401-B033-77D4672120C1}
		{46E16A48-87B3-4EBC-BDAB-90CF4BEE8421} = {E6552099-12C1-4401-B033-77D4672120C1}
		{6A254C7F-39CE-441D-B9F1-1409B024D3D3} = {E6552099-12C1-4401-B033-77D4672120C1}
		{C0CA9C17-7936-4999-810A-B6D86B6B8AA9} = {02EA681E-C7D8-13C7-8484-4AC65E1B71E8}
		{BC11BC6C-ED46-41F1-B0CC-221186BF1694} = {C0CA9C17-7936-4999-810A-B6D86B6B8AA9}
		{A28F8FD2-39F7-46BF-A200-306007CF37C1} = {C0CA9C17-7936-4999-810A-B6D86B6B8AA9}
		{46018DD9-9E29-4A6E-AFC1-BC7FD2D3D747} = {C0CA9C17-7936-4999-810A-B6D86B6B8AA9}
		{FEEDED07-2911-44CA-85C5-AA72C5152B1D} = {C0CA9C17-7936-4999-810A-B6D86B6B8AA9}
		{5E79E385-B3AC-4C3C-9062-9500C982FC2F} = {1F6F395B-226D-4E08-AA55-030FD50A2911}
		{A4C2CD62-D137-4ADF-B1B2-967E7D06DF64} = {5E79E385-B3AC-4C3C-9062-9500C982FC2F}
	EndGlobalSection
	GlobalSection(ExtensibilityGlobals) = postSolution
		SolutionGuid = {613FC4DF-CD2B-44AC-8595-E67F48757575}
	EndGlobalSection
EndGlobal
